
Microsoft Visual Studio Solution File, Format Version 12.00
# Visual Studio 15
VisualStudioVersion = 15.0.27703.2026
MinimumVisualStudioVersion = 10.0.40219.1
Project("{FAE04EC0-301F-11D3-BF4B-00C04F79EFBC}") = "DotNetMVCSheet", "DotNetMVCSheet\DotNetMVCSheet.csproj", "{350F0141-CB9B-4920-BA97-A18AD8C95F86}"
EndProject
Global
	GlobalSection(SolutionConfigurationPlatforms) = preSolution
		Debug|Any CPU = Debug|Any CPU
		Release|Any CPU = Release|Any CPU
	EndGlobalSection
	GlobalSection(ProjectConfigurationPlatforms) = postSolution
		{350F0141-CB9B-4920-BA97-A18AD8C95F86}.Debug|Any CPU.ActiveCfg = Debug|Any CPU
		{350F0141-CB9B-4920-BA97-A18AD8C95F86}.Debug|Any CPU.Build.0 = Debug|Any CPU
		{350F0141-CB9B-4920-BA97-A18AD8C95F86}.Release|Any CPU.ActiveCfg = Release|Any CPU
		{350F0141-CB9B-4920-BA97-A18AD8C95F86}.Release|Any CPU.Build.0 = Release|Any CPU
	EndGlobalSection
	GlobalSection(SolutionProperties) = preSolution
		HideSolutionNode = FALSE
	EndGlobalSection
	GlobalSection(ExtensibilityGlobals) = postSolution
		SolutionGuid = {E4441198-C24A-4E4B-AA9E-E0A4238E23C4}
	EndGlobalSection
EndGlobal
